{
  "name": "@ioventure/smartformio",
  "version": "0.0.1",
  "lockfileVersion": 3,
  "requires": true,
  "packages": {
    "": {
      "name": "@ioventure/smartformio",
      "version": "0.0.1",
      "license": "MIT",
      "devDependencies": {
        "@rsbuild/core": "1.0.1-beta.3",
        "prettier": "^3.3.3",
        "typescript": "^5.5.2"
      },
      "engines": {
        "node": ">=20.11.1"
      }
    },
    "node_modules/@rsbuild/core": {
      "version": "1.0.1-beta.3",
      "resolved": "https://registry.npmjs.org/@rsbuild/core/-/core-1.0.1-beta.3.tgz",
      "integrity": "sha512-/jgx/bWfFu+dNzskpz+M/BLUrXz7bD5ShsXWUZVzUstC871nVqQpCnHn+sEL3W6FrusHYgL7uuUXjLp+nkc+kg==",
      "dev": true,
      "dependencies": {
        "@rspack/core": "1.0.0-alpha.5",
        "@rspack/lite-tapable": "1.0.0-alpha.5",
        "@swc/helpers": "0.5.11",
        "caniuse-lite": "^1.0.30001642",
        "core-js": "~3.37.1",
        "postcss": "^8.4.39"
      },
      "bin": {
        "rsbuild": "bin/rsbuild.js"
      },
      "engines": {
        "node": ">=16.7.0"
      },
      "optionalDependencies": {
        "fsevents": "~2.3.3"
      }
    },
    "node_modules/@rsbuild/core/node_modules/@module-federation/runtime": {
      "version": "0.2.3",
      "resolved": "https://registry.npmjs.org/@module-federation/runtime/-/runtime-0.2.3.tgz",
      "integrity": "sha512-N+ZxBUb1mkmfO9XT1BwgYQgShtUTlijHbukqQ4afFka5lRAT+ayC7RKfHJLz0HbuexKPCmPBDfdmCnErR5WyTQ==",
      "dev": true,
      "dependencies": {
        "@module-federation/sdk": "0.2.3"
      }
    },
    "node_modules/@rsbuild/core/node_modules/@module-federation/runtime-tools": {
      "version": "0.2.3",
      "resolved": "https://registry.npmjs.org/@module-federation/runtime-tools/-/runtime-tools-0.2.3.tgz",
      "integrity": "sha512-capN8CVTCEqNAjnl102girrkevczoQfnQYyiYC4WuyKsg7+LUqfirIe1Eiyv6VSE2UgvOTZDnqvervA6rBOlmg==",
      "dev": true,
      "dependencies": {
        "@module-federation/runtime": "0.2.3",
        "@module-federation/webpack-bundler-runtime": "0.2.3"
      }
    },
    "node_modules/@rsbuild/core/node_modules/@module-federation/sdk": {
      "version": "0.2.3",
      "resolved": "https://registry.npmjs.org/@module-federation/sdk/-/sdk-0.2.3.tgz",
      "integrity": "sha512-W9zrPchLocyCBc/B8CW21akcfJXLl++9xBe1L1EtgxZGfj/xwHt0GcBWE/y+QGvYTL2a1iZjwscbftbUhxgxXg==",
      "dev": true
    },
    "node_modules/@rsbuild/core/node_modules/@module-federation/webpack-bundler-runtime": {
      "version": "0.2.3",
      "resolved": "https://registry.npmjs.org/@module-federation/webpack-bundler-runtime/-/webpack-bundler-runtime-0.2.3.tgz",
      "integrity": "sha512-L/jt2uJ+8dwYiyn9GxryzDR6tr/Wk8rpgvelM2EBeLIhu7YxCHSmSjQYhw3BTux9zZIr47d1K9fGjBFsVRd/SQ==",
      "dev": true,
      "dependencies": {
        "@module-federation/runtime": "0.2.3",
        "@module-federation/sdk": "0.2.3"
      }
    },
    "node_modules/@rsbuild/core/node_modules/@rspack/binding": {
      "version": "1.0.0-alpha.5",
      "resolved": "https://registry.npmjs.org/@rspack/binding/-/binding-1.0.0-alpha.5.tgz",
      "integrity": "sha512-CTrYz0Kgv+3k0sBXbY/MruciFVr2Qd+r3r/VEAVT4N0qhKporsubs1J49vLU2VXun1PBfZ3+3sBknjo5AlA0vw==",
      "dev": true,
      "optionalDependencies": {
        "@rspack/binding-darwin-arm64": "1.0.0-alpha.5",
        "@rspack/binding-darwin-x64": "1.0.0-alpha.5",
        "@rspack/binding-linux-arm64-gnu": "1.0.0-alpha.5",
        "@rspack/binding-linux-arm64-musl": "1.0.0-alpha.5",
        "@rspack/binding-linux-x64-gnu": "1.0.0-alpha.5",
        "@rspack/binding-linux-x64-musl": "1.0.0-alpha.5",
        "@rspack/binding-win32-arm64-msvc": "1.0.0-alpha.5",
        "@rspack/binding-win32-ia32-msvc": "1.0.0-alpha.5",
        "@rspack/binding-win32-x64-msvc": "1.0.0-alpha.5"
      }
    },
    "node_modules/@rsbuild/core/node_modules/@rspack/binding-darwin-arm64": {
      "version": "1.0.0-alpha.5",
      "resolved": "https://registry.npmjs.org/@rspack/binding-darwin-arm64/-/binding-darwin-arm64-1.0.0-alpha.5.tgz",
      "integrity": "sha512-ogpsxEjqwsn4aeeS0wyUnxuH8yXKTa2+BfxM7aSQILq4MNUVH0MqZ9dn0HAaGfQ3hdUhIqE3Gld6spdQCrgtHQ==",
      "cpu": [
        "arm64"
      ],
      "dev": true,
      "optional": true,
      "os": [
        "darwin"
      ]
    },
    "node_modules/@rsbuild/core/node_modules/@rspack/binding-darwin-x64": {
      "version": "1.0.0-alpha.5",
      "resolved": "https://registry.npmjs.org/@rspack/binding-darwin-x64/-/binding-darwin-x64-1.0.0-alpha.5.tgz",
      "integrity": "sha512-fcMVZJQVo9zJ+7YEqkMms+FlAkMOxTfI98sS+XxKC2M/UWDKdMdl7nyhobH+eEhH/eP0Yww6ikEWqF9r3MUsew==",
      "cpu": [
        "x64"
      ],
      "dev": true,
      "optional": true,
      "os": [
        "darwin"
      ]
    },
    "node_modules/@rsbuild/core/node_modules/@rspack/binding-linux-arm64-gnu": {
      "version": "1.0.0-alpha.5",
      "resolved": "https://registry.npmjs.org/@rspack/binding-linux-arm64-gnu/-/binding-linux-arm64-gnu-1.0.0-alpha.5.tgz",
      "integrity": "sha512-UZC2TScOVWVqICiinGWSYdYPAYcn8F/2L+8sbA6NAwSZo0mzH+LaRr6nZRdW2z7y+lELVDQG8UniMxXjoXjVjg==",
      "cpu": [
        "arm64"
      ],
      "dev": true,
      "optional": true,
      "os": [
        "linux"
      ]
    },
    "node_modules/@rsbuild/core/node_modules/@rspack/binding-linux-arm64-musl": {
      "version": "1.0.0-alpha.5",
      "resolved": "https://registry.npmjs.org/@rspack/binding-linux-arm64-musl/-/binding-linux-arm64-musl-1.0.0-alpha.5.tgz",
      "integrity": "sha512-uvrqKqNmj60eCze5ZLxod3nFyDBtDz+OeoSO3T5GU9VRv8XKtd4xJbmm4Nz3A14GOWWfGgGr1cYwQBIGBZActA==",
      "cpu": [
        "arm64"
      ],
      "dev": true,
      "optional": true,
      "os": [
        "linux"
      ]
    },
    "node_modules/@rsbuild/core/node_modules/@rspack/binding-linux-x64-gnu": {
      "version": "1.0.0-alpha.5",
      "resolved": "https://registry.npmjs.org/@rspack/binding-linux-x64-gnu/-/binding-linux-x64-gnu-1.0.0-alpha.5.tgz",
      "integrity": "sha512-7P5EnCsQmbLrYnCXJ1P8NF7/FCOpvOHaoNlReDZnut2HRppsUJXMnH3lQucq/sdS3djZ4RdG3sBMcTA3OEALwg==",
      "cpu": [
        "x64"
      ],
      "dev": true,
      "optional": true,
      "os": [
        "linux"
      ]
    },
    "node_modules/@rsbuild/core/node_modules/@rspack/binding-linux-x64-musl": {
      "version": "1.0.0-alpha.5",
      "resolved": "https://registry.npmjs.org/@rspack/binding-linux-x64-musl/-/binding-linux-x64-musl-1.0.0-alpha.5.tgz",
      "integrity": "sha512-RGj1cZLURjY8RG+t8qG2OB9ruqKQvM0M+JMhwhel57CYW9Ge9zZY+ReEhrdtYjW32KxVvuqtt2e7RhhKibK75w==",
      "cpu": [
        "x64"
      ],
      "dev": true,
      "optional": true,
      "os": [
        "linux"
      ]
    },
    "node_modules/@rsbuild/core/node_modules/@rspack/binding-win32-arm64-msvc": {
      "version": "1.0.0-alpha.5",
      "resolved": "https://registry.npmjs.org/@rspack/binding-win32-arm64-msvc/-/binding-win32-arm64-msvc-1.0.0-alpha.5.tgz",
      "integrity": "sha512-7u/LLEcDcBS5slSsAS9h23sTJNbJ+TUMy7GR91X7ySkqJ0VIR6tzml7+JqFxdPcBGXSszonGbcUupYy3nVzLCQ==",
      "cpu": [
        "arm64"
      ],
      "dev": true,
      "optional": true,
      "os": [
        "win32"
      ]
    },
    "node_modules/@rsbuild/core/node_modules/@rspack/binding-win32-ia32-msvc": {
      "version": "1.0.0-alpha.5",
      "resolved": "https://registry.npmjs.org/@rspack/binding-win32-ia32-msvc/-/binding-win32-ia32-msvc-1.0.0-alpha.5.tgz",
      "integrity": "sha512-HpP7Ptekbv/rQgV253UY+DXSIULINv49JbTBKB2PeBn9ra+Ec4vKPKlQtqIfoPStXEGSmA727nqFQ+VE581P4A==",
      "cpu": [
        "ia32"
      ],
      "dev": true,
      "optional": true,
      "os": [
        "win32"
      ]
    },
    "node_modules/@rsbuild/core/node_modules/@rspack/binding-win32-x64-msvc": {
      "version": "1.0.0-alpha.5",
      "resolved": "https://registry.npmjs.org/@rspack/binding-win32-x64-msvc/-/binding-win32-x64-msvc-1.0.0-alpha.5.tgz",
      "integrity": "sha512-t04ipYUTzigLtl6z7R78ytrAlK/oJWAwDUEVblyTtyJ/RwKfREUcS/8dkMx431Ia4Y0Icz6AVNf4avbYCoREyQ==",
      "cpu": [
        "x64"
      ],
      "dev": true,
      "optional": true,
      "os": [
        "win32"
      ]
    },
    "node_modules/@rsbuild/core/node_modules/@rspack/core": {
      "version": "1.0.0-alpha.5",
      "resolved": "https://registry.npmjs.org/@rspack/core/-/core-1.0.0-alpha.5.tgz",
      "integrity": "sha512-3nddnCqwnz91KprvMlqBDURYJ1GkT5IqCl+os05i2ce4Vk3zQmzvv8d/X8l/49CrDCOLrwyyuS3bKwca8aWdcg==",
      "dev": true,
      "dependencies": {
        "@module-federation/runtime-tools": "0.2.3",
        "@rspack/binding": "1.0.0-alpha.5",
        "@rspack/lite-tapable": "1.0.0-alpha.5",
        "caniuse-lite": "^1.0.30001616"
      },
      "engines": {
        "node": ">=16.0.0"
      },
      "peerDependencies": {
        "@swc/helpers": ">=0.5.1"
      },
      "peerDependenciesMeta": {
        "@swc/helpers": {
          "optional": true
        }
      }
    },
    "node_modules/@rspack/lite-tapable": {
      "version": "1.0.0-alpha.5",
      "resolved": "https://registry.npmjs.org/@rspack/lite-tapable/-/lite-tapable-1.0.0-alpha.5.tgz",
      "integrity": "sha512-B1fNL3en1ohK+QybgjM45PpqcmAmr2LTRUhGvarwouNcj845vjq5clYPqUfFVC0goLmsqx+pt7r+TvpP0Yk67A==",
      "dev": true,
      "engines": {
        "node": ">=16.0.0"
      }
    },
    "node_modules/@swc/helpers": {
      "version": "0.5.11",
      "resolved": "https://registry.npmjs.org/@swc/helpers/-/helpers-0.5.11.tgz",
      "integrity": "sha512-YNlnKRWF2sVojTpIyzwou9XoTNbzbzONwRhOoniEioF1AtaitTvVZblaQRrAzChWQ1bLYyYSWzM18y4WwgzJ+A==",
      "dev": true,
      "dependencies": {
        "tslib": "^2.4.0"
      }
    },
    "node_modules/caniuse-lite": {
      "version": "1.0.30001642",
      "resolved": "https://registry.npmjs.org/caniuse-lite/-/caniuse-lite-1.0.30001642.tgz",
      "integrity": "sha512-3XQ0DoRgLijXJErLSl+bLnJ+Et4KqV1PY6JJBGAFlsNsz31zeAIncyeZfLCabHK/jtSh+671RM9YMldxjUPZtA==",
      "dev": true,
      "funding": [
        {
          "type": "opencollective",
          "url": "https://opencollective.com/browserslist"
        },
        {
          "type": "tidelift",
          "url": "https://tidelift.com/funding/github/npm/caniuse-lite"
        },
        {
          "type": "github",
          "url": "https://github.com/sponsors/ai"
        }
      ]
    },
    "node_modules/core-js": {
      "version": "3.37.1",
      "resolved": "https://registry.npmjs.org/core-js/-/core-js-3.37.1.tgz",
      "integrity": "sha512-Xn6qmxrQZyB0FFY8E3bgRXei3lWDJHhvI+u0q9TKIYM49G8pAr0FgnnrFRAmsbptZL1yxRADVXn+x5AGsbBfyw==",
      "dev": true,
      "hasInstallScript": true,
      "funding": {
        "type": "opencollective",
        "url": "https://opencollective.com/core-js"
      }
    },
    "node_modules/fsevents": {
      "version": "2.3.3",
      "resolved": "https://registry.npmjs.org/fsevents/-/fsevents-2.3.3.tgz",
      "integrity": "sha512-5xoDfX+fL7faATnagmWPpbFtwh/R77WmMMqqHGS65C3vvB0YHrgF+B1YmZ3441tMj5n63k0212XNoJwzlhffQw==",
      "dev": true,
      "hasInstallScript": true,
      "optional": true,
      "os": [
        "darwin"
      ],
      "engines": {
        "node": "^8.16.0 || ^10.6.0 || >=11.0.0"
      }
    },
    "node_modules/nanoid": {
      "version": "3.3.7",
      "resolved": "https://registry.npmjs.org/nanoid/-/nanoid-3.3.7.tgz",
      "integrity": "sha512-eSRppjcPIatRIMC1U6UngP8XFcz8MQWGQdt1MTBQ7NaAmvXDfvNxbvWV3x2y6CdEUciCSsDHDQZbhYaB8QEo2g==",
      "dev": true,
      "funding": [
        {
          "type": "github",
          "url": "https://github.com/sponsors/ai"
        }
      ],
      "bin": {
        "nanoid": "bin/nanoid.cjs"
      },
      "engines": {
        "node": "^10 || ^12 || ^13.7 || ^14 || >=15.0.1"
      }
    },
    "node_modules/picocolors": {
      "version": "1.0.1",
      "resolved": "https://registry.npmjs.org/picocolors/-/picocolors-1.0.1.tgz",
      "integrity": "sha512-anP1Z8qwhkbmu7MFP5iTt+wQKXgwzf7zTyGlcdzabySa9vd0Xt392U0rVmz9poOaBj0uHJKyyo9/upk0HrEQew==",
      "dev": true
    },
    "node_modules/postcss": {
      "version": "8.4.39",
      "resolved": "https://registry.npmjs.org/postcss/-/postcss-8.4.39.tgz",
      "integrity": "sha512-0vzE+lAiG7hZl1/9I8yzKLx3aR9Xbof3fBHKunvMfOCYAtMhrsnccJY2iTURb9EZd5+pLuiNV9/c/GZJOHsgIw==",
      "dev": true,
      "funding": [
        {
          "type": "opencollective",
          "url": "https://opencollective.com/postcss/"
        },
        {
          "type": "tidelift",
          "url": "https://tidelift.com/funding/github/npm/postcss"
        },
        {
          "type": "github",
          "url": "https://github.com/sponsors/ai"
        }
      ],
      "dependencies": {
        "nanoid": "^3.3.7",
        "picocolors": "^1.0.1",
        "source-map-js": "^1.2.0"
      },
      "engines": {
        "node": "^10 || ^12 || >=14"
      }
    },
    "node_modules/prettier": {
      "version": "3.3.3",
      "resolved": "https://registry.npmjs.org/prettier/-/prettier-3.3.3.tgz",
      "integrity": "sha512-i2tDNA0O5IrMO757lfrdQZCc2jPNDVntV0m/+4whiDfWaTKfMNgR7Qz0NAeGz/nRqF4m5/6CLzbP4/liHt12Ew==",
      "dev": true,
      "bin": {
        "prettier": "bin/prettier.cjs"
      },
      "engines": {
        "node": ">=14"
      },
      "funding": {
        "url": "https://github.com/prettier/prettier?sponsor=1"
      }
    },
    "node_modules/source-map-js": {
      "version": "1.2.0",
      "resolved": "https://registry.npmjs.org/source-map-js/-/source-map-js-1.2.0.tgz",
      "integrity": "sha512-itJW8lvSA0TXEphiRoawsCksnlf8SyvmFzIhltqAHluXd88pkCd+cXJVHTDwdCr0IzwptSm035IHQktUu1QUMg==",
      "dev": true,
      "engines": {
        "node": ">=0.10.0"
      }
    },
    "node_modules/tslib": {
      "version": "2.6.3",
      "resolved": "https://registry.npmjs.org/tslib/-/tslib-2.6.3.tgz",
      "integrity": "sha512-xNvxJEOUiWPGhUuUdQgAJPKOOJfGnIyKySOc09XkKsgdUV/3E2zvwZYdejjmRgPCgcym1juLH3226yA7sEFJKQ==",
      "dev": true
    },
    "node_modules/typescript": {
      "version": "5.5.3",
      "resolved": "https://registry.npmjs.org/typescript/-/typescript-5.5.3.tgz",
      "integrity": "sha512-/hreyEujaB0w76zKo6717l3L0o/qEUtRgdvUBvlkhoWeOVMjMuHNHk0BRBzikzuGDqNmPQbg5ifMEqsHLiIUcQ==",
      "dev": true,
      "bin": {
        "tsc": "bin/tsc",
        "tsserver": "bin/tsserver"
      },
      "engines": {
        "node": ">=14.17"
      }
    }
  }
}
